
Microsoft Visual Studio Solution File, Format Version 12.00
# Visual Studio Version 17
VisualStudioVersion = 17.6.33815.320
MinimumVisualStudioVersion = 10.0.40219.1
Project("{FAE04EC0-301F-11D3-BF4B-00C04F79EFBC}") = "ACME-APP-WEB", "ACME-APP-WEB\ACME-APP-WEB.csproj", "{8F516F1A-B5C0-4C2D-8BC3-1A12AD9D98C2}"
EndProject
Global
	GlobalSection(SolutionConfigurationPlatforms) = preSolution
		Debug|Any CPU = Debug|Any CPU
		Release|Any CPU = Release|Any CPU
	EndGlobalSection
	GlobalSection(ProjectConfigurationPlatforms) = postSolution
		{8F516F1A-B5C0-4C2D-8BC3-1A12AD9D98C2}.Debug|Any CPU.ActiveCfg = Debug|Any CPU
		{8F516F1A-B5C0-4C2D-8BC3-1A12AD9D98C2}.Debug|Any CPU.Build.0 = Debug|Any CPU
		{8F516F1A-B5C0-4C2D-8BC3-1A12AD9D98C2}.Release|Any CPU.ActiveCfg = Release|Any CPU
		{8F516F1A-B5C0-4C2D-8BC3-1A12AD9D98C2}.Release|Any CPU.Build.0 = Release|Any CPU
	EndGlobalSection
	GlobalSection(SolutionProperties) = preSolution
		HideSolutionNode = FALSE
	EndGlobalSection
	GlobalSection(ExtensibilityGlobals) = postSolution
		SolutionGuid = {ACCDE865-DCD0-43B3-994C-BB667C1C58DA}
	EndGlobalSection
EndGlobal
